// !$*UTF8*$!
{
	archiveVersion = 1;
	classes = {
	};
	objectVersion = 46;
	objects = {

/* Begin PBXBuildFile section */
		A7F1DB2EE7BD6A52223A3810 /* Pods_EMR.framework in Frameworks */ = {isa = PBXBuildFile; fileRef = 6307899FEF36098A4A195B5E /* Pods_EMR.framework */; };
		B2351F4001F8B5F6C2CE4CFB /* Pods_EMRTests.framework in Frameworks */ = {isa = PBXBuildFile; fileRef = 37E061FE61EC64F3E20E2D39 /* Pods_EMRTests.framework */; };
		E23CA8CC1DBACEF7004EC4BB /* app.strings in Resources */ = {isa = PBXBuildFile; fileRef = E23CA8CB1DBACEF7004EC4BB /* app.strings */; };
		E23CA8CF1DBAD763004EC4BB /* EncounterDetailTableViewController.swift in Sources */ = {isa = PBXBuildFile; fileRef = E23CA8CE1DBAD763004EC4BB /* EncounterDetailTableViewController.swift */; };
		E23CA8D61DBC510A004EC4BB /* ConditionDetailTableViewController.swift in Sources */ = {isa = PBXBuildFile; fileRef = E23CA8D51DBC510A004EC4BB /* ConditionDetailTableViewController.swift */; };
		E23CA8DF1DBC5A72004EC4BB /* HistoryDetailTableViewController.swift in Sources */ = {isa = PBXBuildFile; fileRef = E23CA8DC1DBC5A72004EC4BB /* HistoryDetailTableViewController.swift */; };
		E23CA8E21DBC5AC6004EC4BB /* IHistoryItemDetailPresenter.swift in Sources */ = {isa = PBXBuildFile; fileRef = E23CA8E11DBC5AC6004EC4BB /* IHistoryItemDetailPresenter.swift */; };
		E23CA8E41DBC5C42004EC4BB /* EncounterDetailPresenter.swift in Sources */ = {isa = PBXBuildFile; fileRef = E23CA8E31DBC5C42004EC4BB /* EncounterDetailPresenter.swift */; };
		E23CA8E61DBC5C54004EC4BB /* ImmunizationDetailPresenter.swift in Sources */ = {isa = PBXBuildFile; fileRef = E23CA8E51DBC5C54004EC4BB /* ImmunizationDetailPresenter.swift */; };
		E23CA8E81DBC5C60004EC4BB /* MedicationOrderDetailPresenter.swift in Sources */ = {isa = PBXBuildFile; fileRef = E23CA8E71DBC5C60004EC4BB /* MedicationOrderDetailPresenter.swift */; };
		E23CA8EA1DBC5C6B004EC4BB /* AllergyDetailPresenter.swift in Sources */ = {isa = PBXBuildFile; fileRef = E23CA8E91DBC5C6B004EC4BB /* AllergyDetailPresenter.swift */; };
		E23CA8EC1DBC5C76004EC4BB /* ReportDetailPresenter.swift in Sources */ = {isa = PBXBuildFile; fileRef = E23CA8EB1DBC5C76004EC4BB /* ReportDetailPresenter.swift */; };
		E23CA8EE1DBC5C81004EC4BB /* ProcedureDetailPresenter.swift in Sources */ = {isa = PBXBuildFile; fileRef = E23CA8ED1DBC5C81004EC4BB /* ProcedureDetailPresenter.swift */; };
		E23CA8F01DBC5C8D004EC4BB /* ConditionDetailPresenter.swift in Sources */ = {isa = PBXBuildFile; fileRef = E23CA8EF1DBC5C8D004EC4BB /* ConditionDetailPresenter.swift */; };
		E23CA8F21DBC5C98004EC4BB /* ObservationDetailPresenter.swift in Sources */ = {isa = PBXBuildFile; fileRef = E23CA8F11DBC5C98004EC4BB /* ObservationDetailPresenter.swift */; };
		E23CA8F41DBC6764004EC4BB /* IHistoryItemDetailViewController.swift in Sources */ = {isa = PBXBuildFile; fileRef = E23CA8F31DBC6764004EC4BB /* IHistoryItemDetailViewController.swift */; };
		E23CA8F71DBC7F69004EC4BB /* ImmunizationDetailTableViewController.swift in Sources */ = {isa = PBXBuildFile; fileRef = E23CA8F61DBC7F69004EC4BB /* ImmunizationDetailTableViewController.swift */; };
		E23CA8FA1DBC8CA8004EC4BB /* ObservationDetailTableViewController.swift in Sources */ = {isa = PBXBuildFile; fileRef = E23CA8F91DBC8CA8004EC4BB /* ObservationDetailTableViewController.swift */; };
		E23CA8FD1DBC90DA004EC4BB /* AllergyIntoleranceTableViewController.swift in Sources */ = {isa = PBXBuildFile; fileRef = E23CA8FC1DBC90DA004EC4BB /* AllergyIntoleranceTableViewController.swift */; };
		E24945EB1DBD4D8C00F69CA5 /* ProcedureDetailTableViewController.swift in Sources */ = {isa = PBXBuildFile; fileRef = E24945EA1DBD4D8C00F69CA5 /* ProcedureDetailTableViewController.swift */; };
		E24945EE1DBDD9B900F69CA5 /* MedicationOrderTableViewController.swift in Sources */ = {isa = PBXBuildFile; fileRef = E24945ED1DBDD9B900F69CA5 /* MedicationOrderTableViewController.swift */; };
		E24945F11DBEECE700F69CA5 /* DiagnosticReportTableViewController.swift in Sources */ = {isa = PBXBuildFile; fileRef = E24945F01DBEECE700F69CA5 /* DiagnosticReportTableViewController.swift */; };
		E24945F41DBF05B300F69CA5 /* SearchPatientsViewController.swift in Sources */ = {isa = PBXBuildFile; fileRef = E24945F31DBF05B300F69CA5 /* SearchPatientsViewController.swift */; };
		E24945FA1DC19D3800F69CA5 /* FirstTimeLaunchScreenTableViewController.swift in Sources */ = {isa = PBXBuildFile; fileRef = E24945F91DC19D3800F69CA5 /* FirstTimeLaunchScreenTableViewController.swift */; };
		E24945FD1DC30F8500F69CA5 /* SettingsScreenTableViewController.swift in Sources */ = {isa = PBXBuildFile; fileRef = E24945FC1DC30F8500F69CA5 /* SettingsScreenTableViewController.swift */; };
		E24AD7681DB860C3003E12FA /* SlashScreenViewController.swift in Sources */ = {isa = PBXBuildFile; fileRef = E24AD7671DB860C3003E12FA /* SlashScreenViewController.swift */; };
		E24AD76A1DB8610B003E12FA /* SplashScreenPresenter.swift in Sources */ = {isa = PBXBuildFile; fileRef = E24AD7691DB8610B003E12FA /* SplashScreenPresenter.swift */; };
		E26B57251DC70FEB00C20AD7 /* AboutTableViewController.swift in Sources */ = {isa = PBXBuildFile; fileRef = E26B57241DC70FEB00C20AD7 /* AboutTableViewController.swift */; };
		E26B572D1DC84E7A00C20AD7 /* ActivityIndicator.swift in Sources */ = {isa = PBXBuildFile; fileRef = E26B572C1DC84E7A00C20AD7 /* ActivityIndicator.swift */; };
		E26B57331DC8690000C20AD7 /* CoreDataInteractor.swift in Sources */ = {isa = PBXBuildFile; fileRef = E26B57321DC8690000C20AD7 /* CoreDataInteractor.swift */; };
		E26B57351DC86B3F00C20AD7 /* CoreDataStack.swift in Sources */ = {isa = PBXBuildFile; fileRef = E26B57341DC86B3F00C20AD7 /* CoreDataStack.swift */; };
		E28EB44E1DB324FA0080EC95 /* HistoryMasterTableRouter.swift in Sources */ = {isa = PBXBuildFile; fileRef = E28EB44D1DB324FA0080EC95 /* HistoryMasterTableRouter.swift */; };
		E28EB4521DB3573B0080EC95 /* Constants.swift in Sources */ = {isa = PBXBuildFile; fileRef = E28EB4511DB3573B0080EC95 /* Constants.swift */; };
		E28EB4541DB35EAF0080EC95 /* RootSplitViewController.swift in Sources */ = {isa = PBXBuildFile; fileRef = E28EB4531DB35EAF0080EC95 /* RootSplitViewController.swift */; };
		E29BF4491DB9B2290000E1AF /* PatientListScreenViewController.swift in Sources */ = {isa = PBXBuildFile; fileRef = E29BF4481DB9B2290000E1AF /* PatientListScreenViewController.swift */; };
		E2A8A6AA1DAF39E300750A09 /* AppDelegate.swift in Sources */ = {isa = PBXBuildFile; fileRef = E2A8A6A91DAF39E300750A09 /* AppDelegate.swift */; };
		E2A8A6AF1DAF39E300750A09 /* Main.storyboard in Resources */ = {isa = PBXBuildFile; fileRef = E2A8A6AD1DAF39E300750A09 /* Main.storyboard */; };
		E2A8A6B21DAF39E300750A09 /* EMR.xcdatamodeld in Sources */ = {isa = PBXBuildFile; fileRef = E2A8A6B01DAF39E300750A09 /* EMR.xcdatamodeld */; };
		E2A8A6B41DAF39E300750A09 /* Assets.xcassets in Resources */ = {isa = PBXBuildFile; fileRef = E2A8A6B31DAF39E300750A09 /* Assets.xcassets */; };
		E2A8A6B71DAF39E300750A09 /* LaunchScreen.storyboard in Resources */ = {isa = PBXBuildFile; fileRef = E2A8A6B51DAF39E300750A09 /* LaunchScreen.storyboard */; };
		E2A8A6C21DAF39E300750A09 /* EMRTests.swift in Sources */ = {isa = PBXBuildFile; fileRef = E2A8A6C11DAF39E300750A09 /* EMRTests.swift */; };
		E2B1BF401DB84C5E00FC4EF1 /* MenuScreenTableViewController.swift in Sources */ = {isa = PBXBuildFile; fileRef = E2B1BF3F1DB84C5E00FC4EF1 /* MenuScreenTableViewController.swift */; };
		E2E0D3DC1DB8265B0050A4CD /* RevealViewRootController.swift in Sources */ = {isa = PBXBuildFile; fileRef = E2E0D3DB1DB8265B0050A4CD /* RevealViewRootController.swift */; };
		E2F616A71DB1891A001D820D /* HomeScreenPresenter.swift in Sources */ = {isa = PBXBuildFile; fileRef = E2F616A61DB1891A001D820D /* HomeScreenPresenter.swift */; };
		E2F616A91DB1892D001D820D /* HomeScreenRouter.swift in Sources */ = {isa = PBXBuildFile; fileRef = E2F616A81DB1892D001D820D /* HomeScreenRouter.swift */; };
		E2F616AB1DB1899D001D820D /* HomeScreenViewController.swift in Sources */ = {isa = PBXBuildFile; fileRef = E2F616AA1DB1899D001D820D /* HomeScreenViewController.swift */; };
		E2F616AE1DB18B2A001D820D /* SMARTFHIRInterpreter.swift in Sources */ = {isa = PBXBuildFile; fileRef = E2F616AD1DB18B2A001D820D /* SMARTFHIRInterpreter.swift */; };
		E2F616B61DB195C0001D820D /* DateUtil.swift in Sources */ = {isa = PBXBuildFile; fileRef = E2F616B51DB195C0001D820D /* DateUtil.swift */; };
		E2F616C81DB2C5F1001D820D /* PatientOverviewCell.xib in Resources */ = {isa = PBXBuildFile; fileRef = E2F616C41DB2C5F1001D820D /* PatientOverviewCell.xib */; };
		E2F616C91DB2C5F1001D820D /* PatientOverviewPresenter.swift in Sources */ = {isa = PBXBuildFile; fileRef = E2F616C51DB2C5F1001D820D /* PatientOverviewPresenter.swift */; };
		E2F616CA1DB2C5F1001D820D /* PatientOverviewViewController.swift in Sources */ = {isa = PBXBuildFile; fileRef = E2F616C61DB2C5F1001D820D /* PatientOverviewViewController.swift */; };
		E2F616CB1DB2C5F1001D820D /* PatientOverviewViewController.xib in Resources */ = {isa = PBXBuildFile; fileRef = E2F616C71DB2C5F1001D820D /* PatientOverviewViewController.xib */; };
		E2F616CF1DB2C658001D820D /* HistoryMasterPresenter.swift in Sources */ = {isa = PBXBuildFile; fileRef = E2F616CD1DB2C658001D820D /* HistoryMasterPresenter.swift */; };
		E2F616D01DB2C658001D820D /* HistoryMasterTableViewController.swift in Sources */ = {isa = PBXBuildFile; fileRef = E2F616CE1DB2C658001D820D /* HistoryMasterTableViewController.swift */; };
/* End PBXBuildFile section */

/* Begin PBXContainerItemProxy section */
		E2A8A6BE1DAF39E300750A09 /* PBXContainerItemProxy */ = {
			isa = PBXContainerItemProxy;
			containerPortal = E2A8A69E1DAF39E300750A09 /* Project object */;
			proxyType = 1;
			remoteGlobalIDString = E2A8A6A51DAF39E300750A09;
			remoteInfo = EMR;
		};
/* End PBXContainerItemProxy section */

/* Begin PBXFileReference section */
		17C822FBF70D64800CFC9C19 /* Pods-EMR.debug.xcconfig */ = {isa = PBXFileReference; includeInIndex = 1; lastKnownFileType = text.xcconfig; name = "Pods-EMR.debug.xcconfig"; path = "Pods/Target Support Files/Pods-EMR/Pods-EMR.debug.xcconfig"; sourceTree = "<group>"; };
		344AB302CC60BB450F1584DE /* Pods-EMRTests.debug.xcconfig */ = {isa = PBXFileReference; includeInIndex = 1; lastKnownFileType = text.xcconfig; name = "Pods-EMRTests.debug.xcconfig"; path = "Pods/Target Support Files/Pods-EMRTests/Pods-EMRTests.debug.xcconfig"; sourceTree = "<group>"; };
		37E061FE61EC64F3E20E2D39 /* Pods_EMRTests.framework */ = {isa = PBXFileReference; explicitFileType = wrapper.framework; includeInIndex = 0; path = Pods_EMRTests.framework; sourceTree = BUILT_PRODUCTS_DIR; };
		4B492D8A0B027DC92E6B6EE9 /* Pods-EMRTests.release.xcconfig */ = {isa = PBXFileReference; includeInIndex = 1; lastKnownFileType = text.xcconfig; name = "Pods-EMRTests.release.xcconfig"; path = "Pods/Target Support Files/Pods-EMRTests/Pods-EMRTests.release.xcconfig"; sourceTree = "<group>"; };
		6307899FEF36098A4A195B5E /* Pods_EMR.framework */ = {isa = PBXFileReference; explicitFileType = wrapper.framework; includeInIndex = 0; path = Pods_EMR.framework; sourceTree = BUILT_PRODUCTS_DIR; };
		700DEE28106EEC902F6E725E /* Pods-EMR.release.xcconfig */ = {isa = PBXFileReference; includeInIndex = 1; lastKnownFileType = text.xcconfig; name = "Pods-EMR.release.xcconfig"; path = "Pods/Target Support Files/Pods-EMR/Pods-EMR.release.xcconfig"; sourceTree = "<group>"; };
		E23CA8CB1DBACEF7004EC4BB /* app.strings */ = {isa = PBXFileReference; fileEncoding = 4; lastKnownFileType = text.plist.strings; path = app.strings; sourceTree = "<group>"; };
		E23CA8CE1DBAD763004EC4BB /* EncounterDetailTableViewController.swift */ = {isa = PBXFileReference; fileEncoding = 4; lastKnownFileType = sourcecode.swift; path = EncounterDetailTableViewController.swift; sourceTree = "<group>"; };
		E23CA8D51DBC510A004EC4BB /* ConditionDetailTableViewController.swift */ = {isa = PBXFileReference; fileEncoding = 4; lastKnownFileType = sourcecode.swift; path = ConditionDetailTableViewController.swift; sourceTree = "<group>"; };
		E23CA8DC1DBC5A72004EC4BB /* HistoryDetailTableViewController.swift */ = {isa = PBXFileReference; fileEncoding = 4; lastKnownFileType = sourcecode.swift; path = HistoryDetailTableViewController.swift; sourceTree = "<group>"; };
		E23CA8E11DBC5AC6004EC4BB /* IHistoryItemDetailPresenter.swift */ = {isa = PBXFileReference; fileEncoding = 4; lastKnownFileType = sourcecode.swift; path = IHistoryItemDetailPresenter.swift; sourceTree = "<group>"; };
		E23CA8E31DBC5C42004EC4BB /* EncounterDetailPresenter.swift */ = {isa = PBXFileReference; fileEncoding = 4; lastKnownFileType = sourcecode.swift; path = EncounterDetailPresenter.swift; sourceTree = "<group>"; };
		E23CA8E51DBC5C54004EC4BB /* ImmunizationDetailPresenter.swift */ = {isa = PBXFileReference; fileEncoding = 4; lastKnownFileType = sourcecode.swift; path = ImmunizationDetailPresenter.swift; sourceTree = "<group>"; };
		E23CA8E71DBC5C60004EC4BB /* MedicationOrderDetailPresenter.swift */ = {isa = PBXFileReference; fileEncoding = 4; lastKnownFileType = sourcecode.swift; path = MedicationOrderDetailPresenter.swift; sourceTree = "<group>"; };
		E23CA8E91DBC5C6B004EC4BB /* AllergyDetailPresenter.swift */ = {isa = PBXFileReference; fileEncoding = 4; lastKnownFileType = sourcecode.swift; path = AllergyDetailPresenter.swift; sourceTree = "<group>"; };
		E23CA8EB1DBC5C76004EC4BB /* ReportDetailPresenter.swift */ = {isa = PBXFileReference; fileEncoding = 4; lastKnownFileType = sourcecode.swift; path = ReportDetailPresenter.swift; sourceTree = "<group>"; };
		E23CA8ED1DBC5C81004EC4BB /* ProcedureDetailPresenter.swift */ = {isa = PBXFileReference; fileEncoding = 4; lastKnownFileType = sourcecode.swift; path = ProcedureDetailPresenter.swift; sourceTree = "<group>"; };
		E23CA8EF1DBC5C8D004EC4BB /* ConditionDetailPresenter.swift */ = {isa = PBXFileReference; fileEncoding = 4; lastKnownFileType = sourcecode.swift; path = ConditionDetailPresenter.swift; sourceTree = "<group>"; };
		E23CA8F11DBC5C98004EC4BB /* ObservationDetailPresenter.swift */ = {isa = PBXFileReference; fileEncoding = 4; lastKnownFileType = sourcecode.swift; path = ObservationDetailPresenter.swift; sourceTree = "<group>"; };
		E23CA8F31DBC6764004EC4BB /* IHistoryItemDetailViewController.swift */ = {isa = PBXFileReference; fileEncoding = 4; lastKnownFileType = sourcecode.swift; path = IHistoryItemDetailViewController.swift; sourceTree = "<group>"; };
		E23CA8F61DBC7F69004EC4BB /* ImmunizationDetailTableViewController.swift */ = {isa = PBXFileReference; fileEncoding = 4; lastKnownFileType = sourcecode.swift; path = ImmunizationDetailTableViewController.swift; sourceTree = "<group>"; };
		E23CA8F91DBC8CA8004EC4BB /* ObservationDetailTableViewController.swift */ = {isa = PBXFileReference; fileEncoding = 4; lastKnownFileType = sourcecode.swift; path = ObservationDetailTableViewController.swift; sourceTree = "<group>"; };
		E23CA8FC1DBC90DA004EC4BB /* AllergyIntoleranceTableViewController.swift */ = {isa = PBXFileReference; fileEncoding = 4; lastKnownFileType = sourcecode.swift; path = AllergyIntoleranceTableViewController.swift; sourceTree = "<group>"; };
		E24945EA1DBD4D8C00F69CA5 /* ProcedureDetailTableViewController.swift */ = {isa = PBXFileReference; fileEncoding = 4; lastKnownFileType = sourcecode.swift; path = ProcedureDetailTableViewController.swift; sourceTree = "<group>"; };
		E24945ED1DBDD9B900F69CA5 /* MedicationOrderTableViewController.swift */ = {isa = PBXFileReference; fileEncoding = 4; lastKnownFileType = sourcecode.swift; path = MedicationOrderTableViewController.swift; sourceTree = "<group>"; };
		E24945F01DBEECE700F69CA5 /* DiagnosticReportTableViewController.swift */ = {isa = PBXFileReference; fileEncoding = 4; lastKnownFileType = sourcecode.swift; path = DiagnosticReportTableViewController.swift; sourceTree = "<group>"; };
		E24945F31DBF05B300F69CA5 /* SearchPatientsViewController.swift */ = {isa = PBXFileReference; fileEncoding = 4; lastKnownFileType = sourcecode.swift; path = SearchPatientsViewController.swift; sourceTree = "<group>"; };
		E24945F91DC19D3800F69CA5 /* FirstTimeLaunchScreenTableViewController.swift */ = {isa = PBXFileReference; fileEncoding = 4; lastKnownFileType = sourcecode.swift; path = FirstTimeLaunchScreenTableViewController.swift; sourceTree = "<group>"; };
		E24945FC1DC30F8500F69CA5 /* SettingsScreenTableViewController.swift */ = {isa = PBXFileReference; fileEncoding = 4; lastKnownFileType = sourcecode.swift; path = SettingsScreenTableViewController.swift; sourceTree = "<group>"; };
		E24AD7671DB860C3003E12FA /* SlashScreenViewController.swift */ = {isa = PBXFileReference; fileEncoding = 4; lastKnownFileType = sourcecode.swift; path = SlashScreenViewController.swift; sourceTree = "<group>"; };
		E24AD7691DB8610B003E12FA /* SplashScreenPresenter.swift */ = {isa = PBXFileReference; fileEncoding = 4; lastKnownFileType = sourcecode.swift; path = SplashScreenPresenter.swift; sourceTree = "<group>"; };
		E26B57241DC70FEB00C20AD7 /* AboutTableViewController.swift */ = {isa = PBXFileReference; fileEncoding = 4; lastKnownFileType = sourcecode.swift; path = AboutTableViewController.swift; sourceTree = "<group>"; };
		E26B572C1DC84E7A00C20AD7 /* ActivityIndicator.swift */ = {isa = PBXFileReference; fileEncoding = 4; lastKnownFileType = sourcecode.swift; path = ActivityIndicator.swift; sourceTree = "<group>"; };
		E26B57321DC8690000C20AD7 /* CoreDataInteractor.swift */ = {isa = PBXFileReference; fileEncoding = 4; lastKnownFileType = sourcecode.swift; path = CoreDataInteractor.swift; sourceTree = "<group>"; };
		E26B57341DC86B3F00C20AD7 /* CoreDataStack.swift */ = {isa = PBXFileReference; fileEncoding = 4; lastKnownFileType = sourcecode.swift; path = CoreDataStack.swift; sourceTree = "<group>"; };
		E28EB44D1DB324FA0080EC95 /* HistoryMasterTableRouter.swift */ = {isa = PBXFileReference; fileEncoding = 4; lastKnownFileType = sourcecode.swift; path = HistoryMasterTableRouter.swift; sourceTree = "<group>"; };
		E28EB4511DB3573B0080EC95 /* Constants.swift */ = {isa = PBXFileReference; fileEncoding = 4; lastKnownFileType = sourcecode.swift; path = Constants.swift; sourceTree = "<group>"; };
		E28EB4531DB35EAF0080EC95 /* RootSplitViewController.swift */ = {isa = PBXFileReference; fileEncoding = 4; lastKnownFileType = sourcecode.swift; path = RootSplitViewController.swift; sourceTree = "<group>"; };
		E29BF4481DB9B2290000E1AF /* PatientListScreenViewController.swift */ = {isa = PBXFileReference; fileEncoding = 4; lastKnownFileType = sourcecode.swift; path = PatientListScreenViewController.swift; sourceTree = "<group>"; };
		E2A8A6A61DAF39E300750A09 /* EMR.app */ = {isa = PBXFileReference; explicitFileType = wrapper.application; includeInIndex = 0; path = EMR.app; sourceTree = BUILT_PRODUCTS_DIR; };
		E2A8A6A91DAF39E300750A09 /* AppDelegate.swift */ = {isa = PBXFileReference; lastKnownFileType = sourcecode.swift; path = AppDelegate.swift; sourceTree = "<group>"; };
		E2A8A6AE1DAF39E300750A09 /* Base */ = {isa = PBXFileReference; lastKnownFileType = file.storyboard; name = Base; path = Base.lproj/Main.storyboard; sourceTree = "<group>"; };
		E2A8A6B11DAF39E300750A09 /* EMR.xcdatamodel */ = {isa = PBXFileReference; lastKnownFileType = wrapper.xcdatamodel; path = EMR.xcdatamodel; sourceTree = "<group>"; };
		E2A8A6B31DAF39E300750A09 /* Assets.xcassets */ = {isa = PBXFileReference; lastKnownFileType = folder.assetcatalog; path = Assets.xcassets; sourceTree = "<group>"; };
		E2A8A6B61DAF39E300750A09 /* Base */ = {isa = PBXFileReference; lastKnownFileType = file.storyboard; name = Base; path = Base.lproj/LaunchScreen.storyboard; sourceTree = "<group>"; };
		E2A8A6B81DAF39E300750A09 /* Info.plist */ = {isa = PBXFileReference; lastKnownFileType = text.plist.xml; path = Info.plist; sourceTree = "<group>"; };
		E2A8A6BD1DAF39E300750A09 /* EMRTests.xctest */ = {isa = PBXFileReference; explicitFileType = wrapper.cfbundle; includeInIndex = 0; path = EMRTests.xctest; sourceTree = BUILT_PRODUCTS_DIR; };
		E2A8A6C11DAF39E300750A09 /* EMRTests.swift */ = {isa = PBXFileReference; lastKnownFileType = sourcecode.swift; path = EMRTests.swift; sourceTree = "<group>"; };
		E2A8A6C31DAF39E300750A09 /* Info.plist */ = {isa = PBXFileReference; lastKnownFileType = text.plist.xml; path = Info.plist; sourceTree = "<group>"; };
		E2B1BF3F1DB84C5E00FC4EF1 /* MenuScreenTableViewController.swift */ = {isa = PBXFileReference; fileEncoding = 4; lastKnownFileType = sourcecode.swift; path = MenuScreenTableViewController.swift; sourceTree = "<group>"; };
		E2E0D3DB1DB8265B0050A4CD /* RevealViewRootController.swift */ = {isa = PBXFileReference; fileEncoding = 4; lastKnownFileType = sourcecode.swift; path = RevealViewRootController.swift; sourceTree = "<group>"; };
		E2F616A61DB1891A001D820D /* HomeScreenPresenter.swift */ = {isa = PBXFileReference; fileEncoding = 4; lastKnownFileType = sourcecode.swift; path = HomeScreenPresenter.swift; sourceTree = "<group>"; };
		E2F616A81DB1892D001D820D /* HomeScreenRouter.swift */ = {isa = PBXFileReference; fileEncoding = 4; lastKnownFileType = sourcecode.swift; path = HomeScreenRouter.swift; sourceTree = "<group>"; };
		E2F616AA1DB1899D001D820D /* HomeScreenViewController.swift */ = {isa = PBXFileReference; fileEncoding = 4; lastKnownFileType = sourcecode.swift; path = HomeScreenViewController.swift; sourceTree = "<group>"; };
		E2F616AD1DB18B2A001D820D /* SMARTFHIRInterpreter.swift */ = {isa = PBXFileReference; fileEncoding = 4; lastKnownFileType = sourcecode.swift; path = SMARTFHIRInterpreter.swift; sourceTree = "<group>"; };
		E2F616B51DB195C0001D820D /* DateUtil.swift */ = {isa = PBXFileReference; fileEncoding = 4; lastKnownFileType = sourcecode.swift; path = DateUtil.swift; sourceTree = "<group>"; };
		E2F616C41DB2C5F1001D820D /* PatientOverviewCell.xib */ = {isa = PBXFileReference; fileEncoding = 4; lastKnownFileType = file.xib; path = PatientOverviewCell.xib; sourceTree = "<group>"; };
		E2F616C51DB2C5F1001D820D /* PatientOverviewPresenter.swift */ = {isa = PBXFileReference; fileEncoding = 4; lastKnownFileType = sourcecode.swift; path = PatientOverviewPresenter.swift; sourceTree = "<group>"; };
		E2F616C61DB2C5F1001D820D /* PatientOverviewViewController.swift */ = {isa = PBXFileReference; fileEncoding = 4; lastKnownFileType = sourcecode.swift; path = PatientOverviewViewController.swift; sourceTree = "<group>"; };
		E2F616C71DB2C5F1001D820D /* PatientOverviewViewController.xib */ = {isa = PBXFileReference; fileEncoding = 4; lastKnownFileType = file.xib; path = PatientOverviewViewController.xib; sourceTree = "<group>"; };
		E2F616CD1DB2C658001D820D /* HistoryMasterPresenter.swift */ = {isa = PBXFileReference; fileEncoding = 4; lastKnownFileType = sourcecode.swift; path = HistoryMasterPresenter.swift; sourceTree = "<group>"; };
		E2F616CE1DB2C658001D820D /* HistoryMasterTableViewController.swift */ = {isa = PBXFileReference; fileEncoding = 4; lastKnownFileType = sourcecode.swift; path = HistoryMasterTableViewController.swift; sourceTree = "<group>"; };
/* End PBXFileReference section */

/* Begin PBXFrameworksBuildPhase section */
		E2A8A6A31DAF39E300750A09 /* Frameworks */ = {
			isa = PBXFrameworksBuildPhase;
			buildActionMask = 2147483647;
			files = (
				A7F1DB2EE7BD6A52223A3810 /* Pods_EMR.framework in Frameworks */,
			);
			runOnlyForDeploymentPostprocessing = 0;
		};
		E2A8A6BA1DAF39E300750A09 /* Frameworks */ = {
			isa = PBXFrameworksBuildPhase;
			buildActionMask = 2147483647;
			files = (
				B2351F4001F8B5F6C2CE4CFB /* Pods_EMRTests.framework in Frameworks */,
			);
			runOnlyForDeploymentPostprocessing = 0;
		};
/* End PBXFrameworksBuildPhase section */

/* Begin PBXGroup section */
		03638BAF9F9218949CD341E3 /* Frameworks */ = {
			isa = PBXGroup;
			children = (
				6307899FEF36098A4A195B5E /* Pods_EMR.framework */,
				37E061FE61EC64F3E20E2D39 /* Pods_EMRTests.framework */,
			);
			name = Frameworks;
			sourceTree = "<group>";
		};
		348D1EA9A0E9BAF6FCBCE86F /* Pods */ = {
			isa = PBXGroup;
			children = (
				17C822FBF70D64800CFC9C19 /* Pods-EMR.debug.xcconfig */,
				700DEE28106EEC902F6E725E /* Pods-EMR.release.xcconfig */,
				344AB302CC60BB450F1584DE /* Pods-EMRTests.debug.xcconfig */,
				4B492D8A0B027DC92E6B6EE9 /* Pods-EMRTests.release.xcconfig */,
			);
			name = Pods;
			sourceTree = "<group>";
		};
		E23CA8CD1DBAD750004EC4BB /* EncounterDetailScreen */ = {
			isa = PBXGroup;
			children = (
				E23CA8CE1DBAD763004EC4BB /* EncounterDetailTableViewController.swift */,
			);
			path = EncounterDetailScreen;
			sourceTree = "<group>";
		};
		E23CA8D41DBC507D004EC4BB /* ConditionDetailScreen */ = {
			isa = PBXGroup;
			children = (
				E23CA8D51DBC510A004EC4BB /* ConditionDetailTableViewController.swift */,
			);
			path = ConditionDetailScreen;
			sourceTree = "<group>";
		};
		E23CA8D91DBC5A72004EC4BB /* HistoryItemBrief */ = {
			isa = PBXGroup;
			children = (
				E23CA8E01DBC5AC6004EC4BB /* HistoryItemDetail */,
				E23CA8DC1DBC5A72004EC4BB /* HistoryDetailTableViewController.swift */,
			);
			path = HistoryItemBrief;
			sourceTree = "<group>";
		};
		E23CA8E01DBC5AC6004EC4BB /* HistoryItemDetail */ = {
			isa = PBXGroup;
			children = (
				E23CA8E11DBC5AC6004EC4BB /* IHistoryItemDetailPresenter.swift */,
				E23CA8E31DBC5C42004EC4BB /* EncounterDetailPresenter.swift */,
				E23CA8E51DBC5C54004EC4BB /* ImmunizationDetailPresenter.swift */,
				E23CA8E71DBC5C60004EC4BB /* MedicationOrderDetailPresenter.swift */,
				E23CA8E91DBC5C6B004EC4BB /* AllergyDetailPresenter.swift */,
				E23CA8EB1DBC5C76004EC4BB /* ReportDetailPresenter.swift */,
				E23CA8ED1DBC5C81004EC4BB /* ProcedureDetailPresenter.swift */,
				E23CA8EF1DBC5C8D004EC4BB /* ConditionDetailPresenter.swift */,
				E23CA8F11DBC5C98004EC4BB /* ObservationDetailPresenter.swift */,
			);
			path = HistoryItemDetail;
			sourceTree = "<group>";
		};
		E23CA8F51DBC7F50004EC4BB /* ImmunizationDetailScreen */ = {
			isa = PBXGroup;
			children = (
				E23CA8F61DBC7F69004EC4BB /* ImmunizationDetailTableViewController.swift */,
			);
			path = ImmunizationDetailScreen;
			sourceTree = "<group>";
		};
		E23CA8F81DBC8C96004EC4BB /* ObservationDetailScreen */ = {
			isa = PBXGroup;
			children = (
				E23CA8F91DBC8CA8004EC4BB /* ObservationDetailTableViewController.swift */,
			);
			path = ObservationDetailScreen;
			sourceTree = "<group>";
		};
		E23CA8FB1DBC90C7004EC4BB /* AllergyIntoleranceScreen */ = {
			isa = PBXGroup;
			children = (
				E23CA8FC1DBC90DA004EC4BB /* AllergyIntoleranceTableViewController.swift */,
			);
			path = AllergyIntoleranceScreen;
			sourceTree = "<group>";
		};
		E23CA8FE1DBD4D5A004EC4BB /* ProcedureDetailScreen */ = {
			isa = PBXGroup;
			children = (
				E24945EA1DBD4D8C00F69CA5 /* ProcedureDetailTableViewController.swift */,
			);
			path = ProcedureDetailScreen;
			sourceTree = "<group>";
		};
		E24945EC1DBDD9AA00F69CA5 /* MedicationOrderScreen */ = {
			isa = PBXGroup;
			children = (
				E24945ED1DBDD9B900F69CA5 /* MedicationOrderTableViewController.swift */,
			);
			path = MedicationOrderScreen;
			sourceTree = "<group>";
		};
		E24945EF1DBEEA8500F69CA5 /* DiagnosticReportScreen */ = {
			isa = PBXGroup;
			children = (
				E24945F01DBEECE700F69CA5 /* DiagnosticReportTableViewController.swift */,
			);
			path = DiagnosticReportScreen;
			sourceTree = "<group>";
		};
		E24945F21DBF051500F69CA5 /* SearchPatientsScreen */ = {
			isa = PBXGroup;
			children = (
				E24945F31DBF05B300F69CA5 /* SearchPatientsViewController.swift */,
			);
			path = SearchPatientsScreen;
			sourceTree = "<group>";
		};
		E24945F81DC19D2400F69CA5 /* FirstTimeLaunchScreen */ = {
			isa = PBXGroup;
			children = (
				E24945F91DC19D3800F69CA5 /* FirstTimeLaunchScreenTableViewController.swift */,
			);
			path = FirstTimeLaunchScreen;
			sourceTree = "<group>";
		};
		E24945FB1DC30F6B00F69CA5 /* SettingsScreen */ = {
			isa = PBXGroup;
			children = (
				E24945FC1DC30F8500F69CA5 /* SettingsScreenTableViewController.swift */,
			);
			path = SettingsScreen;
			sourceTree = "<group>";
		};
		E24AD7661DB860AD003E12FA /* SplashScreen */ = {
			isa = PBXGroup;
			children = (
				E24AD7671DB860C3003E12FA /* SlashScreenViewController.swift */,
				E24AD7691DB8610B003E12FA /* SplashScreenPresenter.swift */,
			);
			path = SplashScreen;
			sourceTree = "<group>";
		};
		E26B57231DC70F9D00C20AD7 /* AboutScreen */ = {
			isa = PBXGroup;
			children = (
				E26B57241DC70FEB00C20AD7 /* AboutTableViewController.swift */,
			);
			path = AboutScreen;
			sourceTree = "<group>";
		};
		E26B57311DC868F400C20AD7 /* CoreDataLayer */ = {
			isa = PBXGroup;
			children = (
				E26B57321DC8690000C20AD7 /* CoreDataInteractor.swift */,
				E26B57341DC86B3F00C20AD7 /* CoreDataStack.swift */,
			);
			path = CoreDataLayer;
			sourceTree = "<group>";
		};
		E29BF4471DB9B2150000E1AF /* PatientListScreen */ = {
			isa = PBXGroup;
			children = (
				E29BF4481DB9B2290000E1AF /* PatientListScreenViewController.swift */,
			);
			path = PatientListScreen;
			sourceTree = "<group>";
		};
		E2A8A69D1DAF39E300750A09 = {
			isa = PBXGroup;
			children = (
				E2A8A6A81DAF39E300750A09 /* EMR */,
				E2A8A6C01DAF39E300750A09 /* EMRTests */,
				E2A8A6A71DAF39E300750A09 /* Products */,
				348D1EA9A0E9BAF6FCBCE86F /* Pods */,
				03638BAF9F9218949CD341E3 /* Frameworks */,
			);
			sourceTree = "<group>";
		};
		E2A8A6A71DAF39E300750A09 /* Products */ = {
			isa = PBXGroup;
			children = (
				E2A8A6A61DAF39E300750A09 /* EMR.app */,
				E2A8A6BD1DAF39E300750A09 /* EMRTests.xctest */,
			);
			name = Products;
			sourceTree = "<group>";
		};
		E2A8A6A81DAF39E300750A09 /* EMR */ = {
			isa = PBXGroup;
			children = (
				E26B57311DC868F400C20AD7 /* CoreDataLayer */,
				E2F616B41DB195B8001D820D /* Utils */,
				E2F616AC1DB18B2A001D820D /* FHIRLayer */,
				E2F616A41DB1891A001D820D /* FeatureSet */,
				E2A8A6A91DAF39E300750A09 /* AppDelegate.swift */,
				E2A8A6AD1DAF39E300750A09 /* Main.storyboard */,
				E2A8A6B31DAF39E300750A09 /* Assets.xcassets */,
				E2A8A6B51DAF39E300750A09 /* LaunchScreen.storyboard */,
				E2A8A6B81DAF39E300750A09 /* Info.plist */,
				E2A8A6B01DAF39E300750A09 /* EMR.xcdatamodeld */,
				E23CA8CB1DBACEF7004EC4BB /* app.strings */,
			);
			path = EMR;
			sourceTree = "<group>";
		};
		E2A8A6C01DAF39E300750A09 /* EMRTests */ = {
			isa = PBXGroup;
			children = (
				E2A8A6C11DAF39E300750A09 /* EMRTests.swift */,
				E2A8A6C31DAF39E300750A09 /* Info.plist */,
			);
			path = EMRTests;
			sourceTree = "<group>";
		};
		E2B1BF3E1DB84C4400FC4EF1 /* MenuScreen */ = {
			isa = PBXGroup;
			children = (
				E2B1BF3F1DB84C5E00FC4EF1 /* MenuScreenTableViewController.swift */,
			);
			path = MenuScreen;
			sourceTree = "<group>";
		};
		E2F616A41DB1891A001D820D /* FeatureSet */ = {
			isa = PBXGroup;
			children = (
				E26B57231DC70F9D00C20AD7 /* AboutScreen */,
				E24945FB1DC30F6B00F69CA5 /* SettingsScreen */,
				E24945F81DC19D2400F69CA5 /* FirstTimeLaunchScreen */,
				E24945F21DBF051500F69CA5 /* SearchPatientsScreen */,
				E29BF4471DB9B2150000E1AF /* PatientListScreen */,
				E24AD7661DB860AD003E12FA /* SplashScreen */,
				E2B1BF3E1DB84C4400FC4EF1 /* MenuScreen */,
				E2F616AF1DB191FD001D820D /* HistoryAndOverview */,
				E2F616A51DB1891A001D820D /* HomeScreen */,
				E2E0D3DB1DB8265B0050A4CD /* RevealViewRootController.swift */,
			);
			path = FeatureSet;
			sourceTree = "<group>";
		};
		E2F616A51DB1891A001D820D /* HomeScreen */ = {
			isa = PBXGroup;
			children = (
				E2F616AA1DB1899D001D820D /* HomeScreenViewController.swift */,
				E2F616A61DB1891A001D820D /* HomeScreenPresenter.swift */,
				E2F616A81DB1892D001D820D /* HomeScreenRouter.swift */,
			);
			path = HomeScreen;
			sourceTree = "<group>";
		};
		E2F616AC1DB18B2A001D820D /* FHIRLayer */ = {
			isa = PBXGroup;
			children = (
				E2F616AD1DB18B2A001D820D /* SMARTFHIRInterpreter.swift */,
			);
			path = FHIRLayer;
			sourceTree = "<group>";
		};
		E2F616AF1DB191FD001D820D /* HistoryAndOverview */ = {
			isa = PBXGroup;
			children = (
				E24945EF1DBEEA8500F69CA5 /* DiagnosticReportScreen */,
				E24945EC1DBDD9AA00F69CA5 /* MedicationOrderScreen */,
				E23CA8FE1DBD4D5A004EC4BB /* ProcedureDetailScreen */,
				E2F616CC1DB2C658001D820D /* HistoryMasterTable */,
				E23CA8D91DBC5A72004EC4BB /* HistoryItemBrief */,
				E23CA8F51DBC7F50004EC4BB /* ImmunizationDetailScreen */,
				E23CA8FB1DBC90C7004EC4BB /* AllergyIntoleranceScreen */,
				E23CA8F81DBC8C96004EC4BB /* ObservationDetailScreen */,
				E23CA8D41DBC507D004EC4BB /* ConditionDetailScreen */,
				E23CA8CD1DBAD750004EC4BB /* EncounterDetailScreen */,
				E2F616C31DB2C5F1001D820D /* PatientOverview */,
				E28EB4531DB35EAF0080EC95 /* RootSplitViewController.swift */,
				E23CA8F31DBC6764004EC4BB /* IHistoryItemDetailViewController.swift */,
			);
			path = HistoryAndOverview;
			sourceTree = "<group>";
		};
		E2F616B41DB195B8001D820D /* Utils */ = {
			isa = PBXGroup;
			children = (
				E2F616B51DB195C0001D820D /* DateUtil.swift */,
				E28EB4511DB3573B0080EC95 /* Constants.swift */,
				E26B572C1DC84E7A00C20AD7 /* ActivityIndicator.swift */,
			);
			path = Utils;
			sourceTree = "<group>";
		};
		E2F616C31DB2C5F1001D820D /* PatientOverview */ = {
			isa = PBXGroup;
			children = (
				E2F616C41DB2C5F1001D820D /* PatientOverviewCell.xib */,
				E2F616C51DB2C5F1001D820D /* PatientOverviewPresenter.swift */,
				E2F616C61DB2C5F1001D820D /* PatientOverviewViewController.swift */,
				E2F616C71DB2C5F1001D820D /* PatientOverviewViewController.xib */,
			);
			path = PatientOverview;
			sourceTree = "<group>";
		};
		E2F616CC1DB2C658001D820D /* HistoryMasterTable */ = {
			isa = PBXGroup;
			children = (
				E2F616CE1DB2C658001D820D /* HistoryMasterTableViewController.swift */,
				E2F616CD1DB2C658001D820D /* HistoryMasterPresenter.swift */,
				E28EB44D1DB324FA0080EC95 /* HistoryMasterTableRouter.swift */,
			);
			path = HistoryMasterTable;
			sourceTree = "<group>";
		};
/* End PBXGroup section */

/* Begin PBXNativeTarget section */
		E2A8A6A51DAF39E300750A09 /* EMR */ = {
			isa = PBXNativeTarget;
			buildConfigurationList = E2A8A6C61DAF39E300750A09 /* Build configuration list for PBXNativeTarget "EMR" */;
			buildPhases = (
				AEF4D48954B3A898BFEA0C65 /* [CP] Check Pods Manifest.lock */,
				E2A8A6A21DAF39E300750A09 /* Sources */,
				E2A8A6A31DAF39E300750A09 /* Frameworks */,
				E2A8A6A41DAF39E300750A09 /* Resources */,
				5F87FB6B3E1C20F430AB7B58 /* [CP] Embed Pods Frameworks */,
				1C8617F1DCFA2AD844B40E5E /* [CP] Copy Pods Resources */,
			);
			buildRules = (
			);
			dependencies = (
			);
			name = EMR;
			productName = EMR;
			productReference = E2A8A6A61DAF39E300750A09 /* EMR.app */;
			productType = "com.apple.product-type.application";
		};
		E2A8A6BC1DAF39E300750A09 /* EMRTests */ = {
			isa = PBXNativeTarget;
			buildConfigurationList = E2A8A6C91DAF39E300750A09 /* Build configuration list for PBXNativeTarget "EMRTests" */;
			buildPhases = (
				D3D059BCF3BCDED4FEC21716 /* [CP] Check Pods Manifest.lock */,
				E2A8A6B91DAF39E300750A09 /* Sources */,
				E2A8A6BA1DAF39E300750A09 /* Frameworks */,
				E2A8A6BB1DAF39E300750A09 /* Resources */,
				D940403A54F011F76045014B /* [CP] Embed Pods Frameworks */,
				EADD9CAC559097A3B2ECBE97 /* [CP] Copy Pods Resources */,
			);
			buildRules = (
			);
			dependencies = (
				E2A8A6BF1DAF39E300750A09 /* PBXTargetDependency */,
			);
			name = EMRTests;
			productName = EMRTests;
			productReference = E2A8A6BD1DAF39E300750A09 /* EMRTests.xctest */;
			productType = "com.apple.product-type.bundle.unit-test";
		};
/* End PBXNativeTarget section */

/* Begin PBXProject section */
		E2A8A69E1DAF39E300750A09 /* Project object */ = {
			isa = PBXProject;
			attributes = {
				LastSwiftUpdateCheck = 0730;
				LastUpgradeCheck = 0730;
				ORGANIZATIONNAME = AkshayBhandary;
				TargetAttributes = {
					E2A8A6A51DAF39E300750A09 = {
						CreatedOnToolsVersion = 7.3.1;
						DevelopmentTeam = XAAMLLWD92;
						LastSwiftMigration = 0800;
					};
					E2A8A6BC1DAF39E300750A09 = {
						CreatedOnToolsVersion = 7.3.1;
						LastSwiftMigration = 0800;
						TestTargetID = E2A8A6A51DAF39E300750A09;
					};
				};
			};
			buildConfigurationList = E2A8A6A11DAF39E300750A09 /* Build configuration list for PBXProject "EMR" */;
			compatibilityVersion = "Xcode 3.2";
			developmentRegion = English;
			hasScannedForEncodings = 0;
			knownRegions = (
				en,
				Base,
			);
			mainGroup = E2A8A69D1DAF39E300750A09;
			productRefGroup = E2A8A6A71DAF39E300750A09 /* Products */;
			projectDirPath = "";
			projectRoot = "";
			targets = (
				E2A8A6A51DAF39E300750A09 /* EMR */,
				E2A8A6BC1DAF39E300750A09 /* EMRTests */,
			);
		};
/* End PBXProject section */

/* Begin PBXResourcesBuildPhase section */
		E2A8A6A41DAF39E300750A09 /* Resources */ = {
			isa = PBXResourcesBuildPhase;
			buildActionMask = 2147483647;
			files = (
				E2F616C81DB2C5F1001D820D /* PatientOverviewCell.xib in Resources */,
				E2F616CB1DB2C5F1001D820D /* PatientOverviewViewController.xib in Resources */,
				E23CA8CC1DBACEF7004EC4BB /* app.strings in Resources */,
				E2A8A6B71DAF39E300750A09 /* LaunchScreen.storyboard in Resources */,
				E2A8A6B41DAF39E300750A09 /* Assets.xcassets in Resources */,
				E2A8A6AF1DAF39E300750A09 /* Main.storyboard in Resources */,
			);
			runOnlyForDeploymentPostprocessing = 0;
		};
		E2A8A6BB1DAF39E300750A09 /* Resources */ = {
			isa = PBXResourcesBuildPhase;
			buildActionMask = 2147483647;
			files = (
			);
			runOnlyForDeploymentPostprocessing = 0;
		};
/* End PBXResourcesBuildPhase section */

/* Begin PBXShellScriptBuildPhase section */
		1C8617F1DCFA2AD844B40E5E /* [CP] Copy Pods Resources */ = {
			isa = PBXShellScriptBuildPhase;
			buildActionMask = 2147483647;
			files = (
			);
			inputPaths = (
			);
			name = "[CP] Copy Pods Resources";
			outputPaths = (
			);
			runOnlyForDeploymentPostprocessing = 0;
			shellPath = /bin/sh;
			shellScript = "\"${SRCROOT}/Pods/Target Support Files/Pods-EMR/Pods-EMR-resources.sh\"\n";
			showEnvVarsInLog = 0;
		};
		5F87FB6B3E1C20F430AB7B58 /* [CP] Embed Pods Frameworks */ = {
			isa = PBXShellScriptBuildPhase;
			buildActionMask = 2147483647;
			files = (
			);
			inputPaths = (
			);
			name = "[CP] Embed Pods Frameworks";
			outputPaths = (
			);
			runOnlyForDeploymentPostprocessing = 0;
			shellPath = /bin/sh;
			shellScript = "\"${SRCROOT}/Pods/Target Support Files/Pods-EMR/Pods-EMR-frameworks.sh\"\n";
			showEnvVarsInLog = 0;
		};
		AEF4D48954B3A898BFEA0C65 /* [CP] Check Pods Manifest.lock */ = {
			isa = PBXShellScriptBuildPhase;
			buildActionMask = 2147483647;
			files = (
			);
			inputPaths = (
			);
			name = "[CP] Check Pods Manifest.lock";
			outputPaths = (
			);
			runOnlyForDeploymentPostprocessing = 0;
			shellPath = /bin/sh;
			shellScript = "diff \"${PODS_ROOT}/../Podfile.lock\" \"${PODS_ROOT}/Manifest.lock\" > /dev/null\nif [[ $? != 0 ]] ; then\n    cat << EOM\nerror: The sandbox is not in sync with the Podfile.lock. Run 'pod install' or update your CocoaPods installation.\nEOM\n    exit 1\nfi\n";
			showEnvVarsInLog = 0;
		};
		D3D059BCF3BCDED4FEC21716 /* [CP] Check Pods Manifest.lock */ = {
			isa = PBXShellScriptBuildPhase;
			buildActionMask = 2147483647;
			files = (
			);
			inputPaths = (
			);
			name = "[CP] Check Pods Manifest.lock";
			outputPaths = (
			);
			runOnlyForDeploymentPostprocessing = 0;
			shellPath = /bin/sh;
			shellScript = "diff \"${PODS_ROOT}/../Podfile.lock\" \"${PODS_ROOT}/Manifest.lock\" > /dev/null\nif [[ $? != 0 ]] ; then\n    cat << EOM\nerror: The sandbox is not in sync with the Podfile.lock. Run 'pod install' or update your CocoaPods installation.\nEOM\n    exit 1\nfi\n";
			showEnvVarsInLog = 0;
		};
		D940403A54F011F76045014B /* [CP] Embed Pods Frameworks */ = {
			isa = PBXShellScriptBuildPhase;
			buildActionMask = 2147483647;
			files = (
			);
			inputPaths = (
			);
			name = "[CP] Embed Pods Frameworks";
			outputPaths = (
			);
			runOnlyForDeploymentPostprocessing = 0;
			shellPath = /bin/sh;
			shellScript = "\"${SRCROOT}/Pods/Target Support Files/Pods-EMRTests/Pods-EMRTests-frameworks.sh\"\n";
			showEnvVarsInLog = 0;
		};
		EADD9CAC559097A3B2ECBE97 /* [CP] Copy Pods Resources */ = {
			isa = PBXShellScriptBuildPhase;
			buildActionMask = 2147483647;
			files = (
			);
			inputPaths = (
			);
			name = "[CP] Copy Pods Resources";
			outputPaths = (
			);
			runOnlyForDeploymentPostprocessing = 0;
			shellPath = /bin/sh;
			shellScript = "\"${SRCROOT}/Pods/Target Support Files/Pods-EMRTests/Pods-EMRTests-resources.sh\"\n";
			showEnvVarsInLog = 0;
		};
/* End PBXShellScriptBuildPhase section */

/* Begin PBXSourcesBuildPhase section */
		E2A8A6A21DAF39E300750A09 /* Sources */ = {
			isa = PBXSourcesBuildPhase;
			buildActionMask = 2147483647;
			files = (
				E2F616A91DB1892D001D820D /* HomeScreenRouter.swift in Sources */,
				E26B57331DC8690000C20AD7 /* CoreDataInteractor.swift in Sources */,
				E24945EE1DBDD9B900F69CA5 /* MedicationOrderTableViewController.swift in Sources */,
				E24945FA1DC19D3800F69CA5 /* FirstTimeLaunchScreenTableViewController.swift in Sources */,
				E2F616A71DB1891A001D820D /* HomeScreenPresenter.swift in Sources */,
				E23CA8F41DBC6764004EC4BB /* IHistoryItemDetailViewController.swift in Sources */,
				E23CA8E21DBC5AC6004EC4BB /* IHistoryItemDetailPresenter.swift in Sources */,
				E29BF4491DB9B2290000E1AF /* PatientListScreenViewController.swift in Sources */,
				E23CA8EE1DBC5C81004EC4BB /* ProcedureDetailPresenter.swift in Sources */,
				E24945FD1DC30F8500F69CA5 /* SettingsScreenTableViewController.swift in Sources */,
				E24945EB1DBD4D8C00F69CA5 /* ProcedureDetailTableViewController.swift in Sources */,
				E23CA8EC1DBC5C76004EC4BB /* ReportDetailPresenter.swift in Sources */,
				E26B57251DC70FEB00C20AD7 /* AboutTableViewController.swift in Sources */,
				E2A8A6AA1DAF39E300750A09 /* AppDelegate.swift in Sources */,
				E2F616CA1DB2C5F1001D820D /* PatientOverviewViewController.swift in Sources */,
				E23CA8E41DBC5C42004EC4BB /* EncounterDetailPresenter.swift in Sources */,
				E2F616C91DB2C5F1001D820D /* PatientOverviewPresenter.swift in Sources */,
				E23CA8CF1DBAD763004EC4BB /* EncounterDetailTableViewController.swift in Sources */,
				E24945F11DBEECE700F69CA5 /* DiagnosticReportTableViewController.swift in Sources */,
				E24AD76A1DB8610B003E12FA /* SplashScreenPresenter.swift in Sources */,
				E23CA8FA1DBC8CA8004EC4BB /* ObservationDetailTableViewController.swift in Sources */,
				E26B572D1DC84E7A00C20AD7 /* ActivityIndicator.swift in Sources */,
				E23CA8F01DBC5C8D004EC4BB /* ConditionDetailPresenter.swift in Sources */,
				E28EB4521DB3573B0080EC95 /* Constants.swift in Sources */,
				E2F616CF1DB2C658001D820D /* HistoryMasterPresenter.swift in Sources */,
				E23CA8E61DBC5C54004EC4BB /* ImmunizationDetailPresenter.swift in Sources */,
				E23CA8DF1DBC5A72004EC4BB /* HistoryDetailTableViewController.swift in Sources */,
				E23CA8F21DBC5C98004EC4BB /* ObservationDetailPresenter.swift in Sources */,
				E28EB4541DB35EAF0080EC95 /* RootSplitViewController.swift in Sources */,
				E2B1BF401DB84C5E00FC4EF1 /* MenuScreenTableViewController.swift in Sources */,
				E26B57351DC86B3F00C20AD7 /* CoreDataStack.swift in Sources */,
				E23CA8F71DBC7F69004EC4BB /* ImmunizationDetailTableViewController.swift in Sources */,
				E24945F41DBF05B300F69CA5 /* SearchPatientsViewController.swift in Sources */,
				E2F616AE1DB18B2A001D820D /* SMARTFHIRInterpreter.swift in Sources */,
				E23CA8E81DBC5C60004EC4BB /* MedicationOrderDetailPresenter.swift in Sources */,
				E2E0D3DC1DB8265B0050A4CD /* RevealViewRootController.swift in Sources */,
				E28EB44E1DB324FA0080EC95 /* HistoryMasterTableRouter.swift in Sources */,
				E23CA8FD1DBC90DA004EC4BB /* AllergyIntoleranceTableViewController.swift in Sources */,
				E2F616B61DB195C0001D820D /* DateUtil.swift in Sources */,
				E23CA8EA1DBC5C6B004EC4BB /* AllergyDetailPresenter.swift in Sources */,
				E2A8A6B21DAF39E300750A09 /* EMR.xcdatamodeld in Sources */,
				E2F616AB1DB1899D001D820D /* HomeScreenViewController.swift in Sources */,
				E24AD7681DB860C3003E12FA /* SlashScreenViewController.swift in Sources */,
				E2F616D01DB2C658001D820D /* HistoryMasterTableViewController.swift in Sources */,
				E23CA8D61DBC510A004EC4BB /* ConditionDetailTableViewController.swift in Sources */,
			);
			runOnlyForDeploymentPostprocessing = 0;
		};
		E2A8A6B91DAF39E300750A09 /* Sources */ = {
			isa = PBXSourcesBuildPhase;
			buildActionMask = 2147483647;
			files = (
				E2A8A6C21DAF39E300750A09 /* EMRTests.swift in Sources */,
			);
			runOnlyForDeploymentPostprocessing = 0;
		};
/* End PBXSourcesBuildPhase section */

/* Begin PBXTargetDependency section */
		E2A8A6BF1DAF39E300750A09 /* PBXTargetDependency */ = {
			isa = PBXTargetDependency;
			target = E2A8A6A51DAF39E300750A09 /* EMR */;
			targetProxy = E2A8A6BE1DAF39E300750A09 /* PBXContainerItemProxy */;
		};
/* End PBXTargetDependency section */

/* Begin PBXVariantGroup section */
		E2A8A6AD1DAF39E300750A09 /* Main.storyboard */ = {
			isa = PBXVariantGroup;
			children = (
				E2A8A6AE1DAF39E300750A09 /* Base */,
			);
			name = Main.storyboard;
			sourceTree = "<group>";
		};
		E2A8A6B51DAF39E300750A09 /* LaunchScreen.storyboard */ = {
			isa = PBXVariantGroup;
			children = (
				E2A8A6B61DAF39E300750A09 /* Base */,
			);
			name = LaunchScreen.storyboard;
			sourceTree = "<group>";
		};
/* End PBXVariantGroup section */

/* Begin XCBuildConfiguration section */
		E2A8A6C41DAF39E300750A09 /* Debug */ = {
			isa = XCBuildConfiguration;
			buildSettings = {
				ALWAYS_SEARCH_USER_PATHS = NO;
				CLANG_ANALYZER_NONNULL = YES;
				CLANG_CXX_LANGUAGE_STANDARD = "gnu++0x";
				CLANG_CXX_LIBRARY = "libc++";
				CLANG_ENABLE_MODULES = YES;
				CLANG_ENABLE_OBJC_ARC = YES;
				CLANG_WARN_BOOL_CONVERSION = YES;
				CLANG_WARN_CONSTANT_CONVERSION = YES;
				CLANG_WARN_DIRECT_OBJC_ISA_USAGE = YES_ERROR;
				CLANG_WARN_EMPTY_BODY = YES;
				CLANG_WARN_ENUM_CONVERSION = YES;
				CLANG_WARN_INT_CONVERSION = YES;
				CLANG_WARN_OBJC_ROOT_CLASS = YES_ERROR;
				CLANG_WARN_UNREACHABLE_CODE = YES;
				CLANG_WARN__DUPLICATE_METHOD_MATCH = YES;
				"CODE_SIGN_IDENTITY[sdk=iphoneos*]" = "iPhone Developer";
				COPY_PHASE_STRIP = NO;
				DEBUG_INFORMATION_FORMAT = dwarf;
				ENABLE_STRICT_OBJC_MSGSEND = YES;
				ENABLE_TESTABILITY = YES;
				GCC_C_LANGUAGE_STANDARD = gnu99;
				GCC_DYNAMIC_NO_PIC = NO;
				GCC_NO_COMMON_BLOCKS = YES;
				GCC_OPTIMIZATION_LEVEL = 0;
				GCC_PREPROCESSOR_DEFINITIONS = (
					"DEBUG=1",
					"$(inherited)",
				);
				GCC_WARN_64_TO_32_BIT_CONVERSION = YES;
				GCC_WARN_ABOUT_RETURN_TYPE = YES_ERROR;
				GCC_WARN_UNDECLARED_SELECTOR = YES;
				GCC_WARN_UNINITIALIZED_AUTOS = YES_AGGRESSIVE;
				GCC_WARN_UNUSED_FUNCTION = YES;
				GCC_WARN_UNUSED_VARIABLE = YES;
				IPHONEOS_DEPLOYMENT_TARGET = 9.3;
				MTL_ENABLE_DEBUG_INFO = YES;
				ONLY_ACTIVE_ARCH = YES;
				SDKROOT = iphoneos;
				SWIFT_OPTIMIZATION_LEVEL = "-Onone";
				SWIFT_VERSION = 2.3;
				TARGETED_DEVICE_FAMILY = "1,2";
			};
			name = Debug;
		};
		E2A8A6C51DAF39E300750A09 /* Release */ = {
			isa = XCBuildConfiguration;
			buildSettings = {
				ALWAYS_SEARCH_USER_PATHS = NO;
				CLANG_ANALYZER_NONNULL = YES;
				CLANG_CXX_LANGUAGE_STANDARD = "gnu++0x";
				CLANG_CXX_LIBRARY = "libc++";
				CLANG_ENABLE_MODULES = YES;
				CLANG_ENABLE_OBJC_ARC = YES;
				CLANG_WARN_BOOL_CONVERSION = YES;
				CLANG_WARN_CONSTANT_CONVERSION = YES;
				CLANG_WARN_DIRECT_OBJC_ISA_USAGE = YES_ERROR;
				CLANG_WARN_EMPTY_BODY = YES;
				CLANG_WARN_ENUM_CONVERSION = YES;
				CLANG_WARN_INT_CONVERSION = YES;
				CLANG_WARN_OBJC_ROOT_CLASS = YES_ERROR;
				CLANG_WARN_UNREACHABLE_CODE = YES;
				CLANG_WARN__DUPLICATE_METHOD_MATCH = YES;
				"CODE_SIGN_IDENTITY[sdk=iphoneos*]" = "iPhone Developer";
				COPY_PHASE_STRIP = NO;
				DEBUG_INFORMATION_FORMAT = "dwarf-with-dsym";
				ENABLE_NS_ASSERTIONS = NO;
				ENABLE_STRICT_OBJC_MSGSEND = YES;
				GCC_C_LANGUAGE_STANDARD = gnu99;
				GCC_NO_COMMON_BLOCKS = YES;
				GCC_WARN_64_TO_32_BIT_CONVERSION = YES;
				GCC_WARN_ABOUT_RETURN_TYPE = YES_ERROR;
				GCC_WARN_UNDECLARED_SELECTOR = YES;
				GCC_WARN_UNINITIALIZED_AUTOS = YES_AGGRESSIVE;
				GCC_WARN_UNUSED_FUNCTION = YES;
				GCC_WARN_UNUSED_VARIABLE = YES;
				IPHONEOS_DEPLOYMENT_TARGET = 9.3;
				MTL_ENABLE_DEBUG_INFO = NO;
				SDKROOT = iphoneos;
				SWIFT_VERSION = 2.3;
				TARGETED_DEVICE_FAMILY = "1,2";
				VALIDATE_PRODUCT = YES;
			};
			name = Release;
		};
		E2A8A6C71DAF39E300750A09 /* Debug */ = {
			isa = XCBuildConfiguration;
			baseConfigurationReference = 17C822FBF70D64800CFC9C19 /* Pods-EMR.debug.xcconfig */;
			buildSettings = {
				ASSETCATALOG_COMPILER_APPICON_NAME = AppIcon;
				DEVELOPMENT_TEAM = XAAMLLWD92;
				INFOPLIST_FILE = EMR/Info.plist;
				IPHONEOS_DEPLOYMENT_TARGET = 8.0;
				LD_RUNPATH_SEARCH_PATHS = "$(inherited) @executable_path/Frameworks";
				PRODUCT_BUNDLE_IDENTIFIER = com.mmh.curaga;
				PRODUCT_NAME = "$(TARGET_NAME)";
				SWIFT_VERSION = 2.3;
				TARGETED_DEVICE_FAMILY = 1;
			};
			name = Debug;
		};
		E2A8A6C81DAF39E300750A09 /* Release */ = {
			isa = XCBuildConfiguration;
			baseConfigurationReference = 700DEE28106EEC902F6E725E /* Pods-EMR.release.xcconfig */;
			buildSettings = {
				ASSETCATALOG_COMPILER_APPICON_NAME = AppIcon;
				DEVELOPMENT_TEAM = XAAMLLWD92;
				INFOPLIST_FILE = EMR/Info.plist;
				IPHONEOS_DEPLOYMENT_TARGET = 8.0;
				LD_RUNPATH_SEARCH_PATHS = "$(inherited) @executable_path/Frameworks";
				PRODUCT_BUNDLE_IDENTIFIER = com.mmh.curaga;
				PRODUCT_NAME = "$(TARGET_NAME)";
				SWIFT_VERSION = 2.3;
				TARGETED_DEVICE_FAMILY = 1;
			};
			name = Release;
		};
		E2A8A6CA1DAF39E300750A09 /* Debug */ = {
			isa = XCBuildConfiguration;
			baseConfigurationReference = 344AB302CC60BB450F1584DE /* Pods-EMRTests.debug.xcconfig */;
			buildSettings = {
				BUNDLE_LOADER = "$(TEST_HOST)";
				INFOPLIST_FILE = EMRTests/Info.plist;
				LD_RUNPATH_SEARCH_PATHS = "$(inherited) @executable_path/Frameworks @loader_path/Frameworks";
				PRODUCT_BUNDLE_IDENTIFIER = AkshayBhandary.EMRTests;
				PRODUCT_NAME = "$(TARGET_NAME)";
				SWIFT_VERSION = 2.3;
				TEST_HOST = "$(BUILT_PRODUCTS_DIR)/EMR.app/EMR";
			};
			name = Debug;
		};
		E2A8A6CB1DAF39E300750A09 /* Release */ = {
			isa = XCBuildConfiguration;
			baseConfigurationReference = 4B492D8A0B027DC92E6B6EE9 /* Pods-EMRTests.release.xcconfig */;
			buildSettings = {
				BUNDLE_LOADER = "$(TEST_HOST)";
				INFOPLIST_FILE = EMRTests/Info.plist;
				LD_RUNPATH_SEARCH_PATHS = "$(inherited) @executable_path/Frameworks @loader_path/Frameworks";
				PRODUCT_BUNDLE_IDENTIFIER = AkshayBhandary.EMRTests;
				PRODUCT_NAME = "$(TARGET_NAME)";
				SWIFT_VERSION = 2.3;
				TEST_HOST = "$(BUILT_PRODUCTS_DIR)/EMR.app/EMR";
			};
			name = Release;
		};
/* End XCBuildConfiguration section */

/* Begin XCConfigurationList section */
		E2A8A6A11DAF39E300750A09 /* Build configuration list for PBXProject "EMR" */ = {
			isa = XCConfigurationList;
			buildConfigurations = (
				E2A8A6C41DAF39E300750A09 /* Debug */,
				E2A8A6C51DAF39E300750A09 /* Release */,
			);
			defaultConfigurationIsVisible = 0;
			defaultConfigurationName = Release;
		};
		E2A8A6C61DAF39E300750A09 /* Build configuration list for PBXNativeTarget "EMR" */ = {
			isa = XCConfigurationList;
			buildConfigurations = (
				E2A8A6C71DAF39E300750A09 /* Debug */,
				E2A8A6C81DAF39E300750A09 /* Release */,
			);
			defaultConfigurationIsVisible = 0;
			defaultConfigurationName = Release;
		};
		E2A8A6C91DAF39E300750A09 /* Build configuration list for PBXNativeTarget "EMRTests" */ = {
			isa = XCConfigurationList;
			buildConfigurations = (
				E2A8A6CA1DAF39E300750A09 /* Debug */,
				E2A8A6CB1DAF39E300750A09 /* Release */,
			);
			defaultConfigurationIsVisible = 0;
			defaultConfigurationName = Release;
		};
/* End XCConfigurationList section */

/* Begin XCVersionGroup section */
		E2A8A6B01DAF39E300750A09 /* EMR.xcdatamodeld */ = {
			isa = XCVersionGroup;
			children = (
				E2A8A6B11DAF39E300750A09 /* EMR.xcdatamodel */,
			);
			currentVersion = E2A8A6B11DAF39E300750A09 /* EMR.xcdatamodel */;
			path = EMR.xcdatamodeld;
			sourceTree = "<group>";
			versionGroupType = wrapper.xcdatamodel;
		};
/* End XCVersionGroup section */
	};
	rootObject = E2A8A69E1DAF39E300750A09 /* Project object */;
}
